
Microsoft Visual Studio Solution File, Format Version 12.00
# Visual Studio Version 16
VisualStudioVersion = 16.0.29025.244
MinimumVisualStudioVersion = 10.0.40219.1
Project("{9A19103F-16F7-4668-BE54-9A1E7A4F7556}") = "WebShop.Auth.Api", "WebShop.Auth.Api\WebShop.Auth.Api.csproj", "{2A16CAAC-01CA-4008-8DF7-0CC797955FAC}"
EndProject
Project("{9A19103F-16F7-4668-BE54-9A1E7A4F7556}") = "WebShop.Auth.Data", "WebShop.Auth.Data\WebShop.Auth.Data.csproj", "{D4A62F51-5D56-4E7F-B177-985A41C6C840}"
EndProject
Project("{9A19103F-16F7-4668-BE54-9A1E7A4F7556}") = "WebShop.Common", "WebShop.Common\WebShop.Common.csproj", "{D4D7F76F-5C04-46C5-988E-8FCAD5C324F5}"
EndProject
Project("{9A19103F-16F7-4668-BE54-9A1E7A4F7556}") = "WebShop.Users.Data", "WebShop.Users.Data\WebShop.Users.Data.csproj", "{31B462BD-279B-40AA-9C23-905E4DD49E54}"
EndProject
Project("{9A19103F-16F7-4668-BE54-9A1E7A4F7556}") = "WebShop.Users.Tests", "WebShop.Users.Tests\WebShop.Users.Tests.csproj", "{EF4A39D5-8493-40CF-ACA1-5BEE949D2158}"
EndProject
Project("{9A19103F-16F7-4668-BE54-9A1E7A4F7556}") = "WebShop.Users.Api", "WebShop.Users.Api\WebShop.Users.Api.csproj", "{663060FE-5552-4429-8252-3FF0081801AB}"
EndProject
Project("{9A19103F-16F7-4668-BE54-9A1E7A4F7556}") = "WebShop.Users.Common", "WebShop.Users.Common\WebShop.Users.Common.csproj", "{0C425AB2-C171-438D-AC83-3AD11FAC9183}"
EndProject
Project("{9A19103F-16F7-4668-BE54-9A1E7A4F7556}") = "WebShop.Messaging", "WebShop.Messaging\WebShop.Messaging.csproj", "{A5B19DAA-7E82-4699-9301-969DE59E6BA7}"
EndProject
Project("{9A19103F-16F7-4668-BE54-9A1E7A4F7556}") = "WebShop.Storage.FileSystem", "WebShop.Storage.FileSystem\WebShop.Storage.FileSystem.csproj", "{3CF49C9F-EB4F-4880-A680-02B64BAA8EB9}"
EndProject
Project("{9A19103F-16F7-4668-BE54-9A1E7A4F7556}") = "WebShop.Storage", "WebShop.Storage\WebShop.Storage.csproj", "{BE04C2B4-14CE-4760-8266-2FA780DD3E53}"
EndProject
Project("{9A19103F-16F7-4668-BE54-9A1E7A4F7556}") = "WebShop.Messaging.ServiceBus", "WebShop.Messaging.ServiceBus\WebShop.Messaging.ServiceBus.csproj", "{4BB07138-4344-473C-A249-B1AD48235819}"
EndProject
Project("{2150E333-8FDC-42A3-9474-1A3956D46DE8}") = "Services", "Services", "{AA09DE0F-7CE8-46FF-9264-B653DB3E7A8D}"
EndProject
Project("{2150E333-8FDC-42A3-9474-1A3956D46DE8}") = "WebShop.Auth", "WebShop.Auth", "{696720E9-A98B-4720-B26E-1E151F9BA23D}"
EndProject
Project("{2150E333-8FDC-42A3-9474-1A3956D46DE8}") = "WebShop.Users", "WebShop.Users", "{F6DDDE29-4400-4E1D-BFDB-C9CC7DC38A07}"
EndProject
Project("{2150E333-8FDC-42A3-9474-1A3956D46DE8}") = "Infrastructure", "Infrastructure", "{95282898-1B22-430E-9A3C-B1260DF4A618}"
EndProject
Project("{2150E333-8FDC-42A3-9474-1A3956D46DE8}") = "Messaging", "Messaging", "{0D35A1D5-4612-418E-A85B-C74BE469A924}"
EndProject
Project("{2150E333-8FDC-42A3-9474-1A3956D46DE8}") = "Storage", "Storage", "{A7BA61CF-D2FE-424B-AE25-CCE2E8811281}"
EndProject
Project("{2150E333-8FDC-42A3-9474-1A3956D46DE8}") = "Mailing", "Mailing", "{29724B77-546B-425C-8B8D-DE37A2CD846E}"
EndProject
Project("{9A19103F-16F7-4668-BE54-9A1E7A4F7556}") = "WebShop.Mailing", "WebShop.Mailing\WebShop.Mailing.csproj", "{B581A6EC-4ADD-4902-ADC3-ACA5D7387C02}"
EndProject
Project("{9A19103F-16F7-4668-BE54-9A1E7A4F7556}") = "WebShop.Mailing.Sendgrid", "WebShop.Mailing.Sendgrid\WebShop.Mailing.Sendgrid.csproj", "{2831E67E-20AD-4306-91F7-77D5B2BB3B1A}"
EndProject
Project("{2150E333-8FDC-42A3-9474-1A3956D46DE8}") = "WebShop.Orders", "WebShop.Orders", "{F068E364-B879-48DA-B151-919388F1AE71}"
EndProject
Project("{9A19103F-16F7-4668-BE54-9A1E7A4F7556}") = "WebShop.Products.Api", "WebShop.Products\WebShop.Products.Api.csproj", "{6AF3E5E1-D7F0-47ED-B566-6C1C863EE16C}"
EndProject
Project("{2150E333-8FDC-42A3-9474-1A3956D46DE8}") = "WebShop.Products", "WebShop.Products", "{E6E2544F-7E5C-4207-B838-7A121E646D11}"
EndProject
Project("{9A19103F-16F7-4668-BE54-9A1E7A4F7556}") = "WebShop.Products.Data", "WebShop.Products.Data\WebShop.Products.Data.csproj", "{968127F0-2932-4ADE-AC81-2EC9AFC6799F}"
EndProject
Project("{9A19103F-16F7-4668-BE54-9A1E7A4F7556}") = "WebShop.Products.Dtos", "WebShop.Products.Dtos\WebShop.Products.Dtos.csproj", "{EF0E269C-1A0F-4CB6-A4E8-C91FB83924D6}"
EndProject
Project("{2150E333-8FDC-42A3-9474-1A3956D46DE8}") = "WebShop.Email", "WebShop.Email", "{4E609093-6804-42AF-AB20-286741583157}"
EndProject
Project("{9A19103F-16F7-4668-BE54-9A1E7A4F7556}") = "WebShop.Email.Api", "WebShop.Email.Api\WebShop.Email.Api.csproj", "{2B3B30E5-AE68-43E6-BE33-6C745D95F09B}"
EndProject
Project("{9A19103F-16F7-4668-BE54-9A1E7A4F7556}") = "WebShop.Mailing.Smtp", "WebShop.Mailing.Smtp\WebShop.Mailing.Smtp.csproj", "{1BAAF08E-AA65-4201-8FBD-2D5DA3A09F91}"
EndProject
Project("{9A19103F-16F7-4668-BE54-9A1E7A4F7556}") = "WebShop.Messaging.RabbitMQ", "WebShop.Messaging.RabbitMQ\WebShop.Messaging.RabbitMQ.csproj", "{DBA29C1E-E765-47D1-BB84-699CDD428ABD}"
EndProject
Project("{2150E333-8FDC-42A3-9474-1A3956D46DE8}") = "Clients", "Clients", "{CFE2084C-62D9-456C-93CE-731069AFAF0F}"
EndProject
Project("{FAE04EC0-301F-11D3-BF4B-00C04F79EFBC}") = "WebShop.Web.Mvc", "WebShop.Web.Mvc\WebShop.Web.Mvc.csproj", "{ABCDA65F-F34C-414B-BFEA-944F40691C4F}"
EndProject
Global
	GlobalSection(SolutionConfigurationPlatforms) = preSolution
		Debug|Any CPU = Debug|Any CPU
		Release|Any CPU = Release|Any CPU
	EndGlobalSection
	GlobalSection(ProjectConfigurationPlatforms) = postSolution
		{2A16CAAC-01CA-4008-8DF7-0CC797955FAC}.Debug|Any CPU.ActiveCfg = Debug|Any CPU
		{2A16CAAC-01CA-4008-8DF7-0CC797955FAC}.Debug|Any CPU.Build.0 = Debug|Any CPU
		{2A16CAAC-01CA-4008-8DF7-0CC797955FAC}.Release|Any CPU.ActiveCfg = Release|Any CPU
		{2A16CAAC-01CA-4008-8DF7-0CC797955FAC}.Release|Any CPU.Build.0 = Release|Any CPU
		{D4A62F51-5D56-4E7F-B177-985A41C6C840}.Debug|Any CPU.ActiveCfg = Debug|Any CPU
		{D4A62F51-5D56-4E7F-B177-985A41C6C840}.Debug|Any CPU.Build.0 = Debug|Any CPU
		{D4A62F51-5D56-4E7F-B177-985A41C6C840}.Release|Any CPU.ActiveCfg = Release|Any CPU
		{D4A62F51-5D56-4E7F-B177-985A41C6C840}.Release|Any CPU.Build.0 = Release|Any CPU
		{D4D7F76F-5C04-46C5-988E-8FCAD5C324F5}.Debug|Any CPU.ActiveCfg = Debug|Any CPU
		{D4D7F76F-5C04-46C5-988E-8FCAD5C324F5}.Debug|Any CPU.Build.0 = Debug|Any CPU
		{D4D7F76F-5C04-46C5-988E-8FCAD5C324F5}.Release|Any CPU.ActiveCfg = Release|Any CPU
		{D4D7F76F-5C04-46C5-988E-8FCAD5C324F5}.Release|Any CPU.Build.0 = Release|Any CPU
		{31B462BD-279B-40AA-9C23-905E4DD49E54}.Debug|Any CPU.ActiveCfg = Debug|Any CPU
		{31B462BD-279B-40AA-9C23-905E4DD49E54}.Debug|Any CPU.Build.0 = Debug|Any CPU
		{31B462BD-279B-40AA-9C23-905E4DD49E54}.Release|Any CPU.ActiveCfg = Release|Any CPU
		{31B462BD-279B-40AA-9C23-905E4DD49E54}.Release|Any CPU.Build.0 = Release|Any CPU
		{EF4A39D5-8493-40CF-ACA1-5BEE949D2158}.Debug|Any CPU.ActiveCfg = Debug|Any CPU
		{EF4A39D5-8493-40CF-ACA1-5BEE949D2158}.Debug|Any CPU.Build.0 = Debug|Any CPU
		{EF4A39D5-8493-40CF-ACA1-5BEE949D2158}.Release|Any CPU.ActiveCfg = Release|Any CPU
		{EF4A39D5-8493-40CF-ACA1-5BEE949D2158}.Release|Any CPU.Build.0 = Release|Any CPU
		{663060FE-5552-4429-8252-3FF0081801AB}.Debug|Any CPU.ActiveCfg = Debug|Any CPU
		{663060FE-5552-4429-8252-3FF0081801AB}.Debug|Any CPU.Build.0 = Debug|Any CPU
		{663060FE-5552-4429-8252-3FF0081801AB}.Release|Any CPU.ActiveCfg = Release|Any CPU
		{663060FE-5552-4429-8252-3FF0081801AB}.Release|Any CPU.Build.0 = Release|Any CPU
		{0C425AB2-C171-438D-AC83-3AD11FAC9183}.Debug|Any CPU.ActiveCfg = Debug|Any CPU
		{0C425AB2-C171-438D-AC83-3AD11FAC9183}.Debug|Any CPU.Build.0 = Debug|Any CPU
		{0C425AB2-C171-438D-AC83-3AD11FAC9183}.Release|Any CPU.ActiveCfg = Release|Any CPU
		{0C425AB2-C171-438D-AC83-3AD11FAC9183}.Release|Any CPU.Build.0 = Release|Any CPU
		{A5B19DAA-7E82-4699-9301-969DE59E6BA7}.Debug|Any CPU.ActiveCfg = Debug|Any CPU
		{A5B19DAA-7E82-4699-9301-969DE59E6BA7}.Debug|Any CPU.Build.0 = Debug|Any CPU
		{A5B19DAA-7E82-4699-9301-969DE59E6BA7}.Release|Any CPU.ActiveCfg = Release|Any CPU
		{A5B19DAA-7E82-4699-9301-969DE59E6BA7}.Release|Any CPU.Build.0 = Release|Any CPU
		{3CF49C9F-EB4F-4880-A680-02B64BAA8EB9}.Debug|Any CPU.ActiveCfg = Debug|Any CPU
		{3CF49C9F-EB4F-4880-A680-02B64BAA8EB9}.Debug|Any CPU.Build.0 = Debug|Any CPU
		{3CF49C9F-EB4F-4880-A680-02B64BAA8EB9}.Release|Any CPU.ActiveCfg = Release|Any CPU
		{3CF49C9F-EB4F-4880-A680-02B64BAA8EB9}.Release|Any CPU.Build.0 = Release|Any CPU
		{BE04C2B4-14CE-4760-8266-2FA780DD3E53}.Debug|Any CPU.ActiveCfg = Debug|Any CPU
		{BE04C2B4-14CE-4760-8266-2FA780DD3E53}.Debug|Any CPU.Build.0 = Debug|Any CPU
		{BE04C2B4-14CE-4760-8266-2FA780DD3E53}.Release|Any CPU.ActiveCfg = Release|Any CPU
		{BE04C2B4-14CE-4760-8266-2FA780DD3E53}.Release|Any CPU.Build.0 = Release|Any CPU
		{4BB07138-4344-473C-A249-B1AD48235819}.Debug|Any CPU.ActiveCfg = Debug|Any CPU
		{4BB07138-4344-473C-A249-B1AD48235819}.Debug|Any CPU.Build.0 = Debug|Any CPU
		{4BB07138-4344-473C-A249-B1AD48235819}.Release|Any CPU.ActiveCfg = Release|Any CPU
		{4BB07138-4344-473C-A249-B1AD48235819}.Release|Any CPU.Build.0 = Release|Any CPU
		{B581A6EC-4ADD-4902-ADC3-ACA5D7387C02}.Debug|Any CPU.ActiveCfg = Debug|Any CPU
		{B581A6EC-4ADD-4902-ADC3-ACA5D7387C02}.Debug|Any CPU.Build.0 = Debug|Any CPU
		{B581A6EC-4ADD-4902-ADC3-ACA5D7387C02}.Release|Any CPU.ActiveCfg = Release|Any CPU
		{B581A6EC-4ADD-4902-ADC3-ACA5D7387C02}.Release|Any CPU.Build.0 = Release|Any CPU
		{2831E67E-20AD-4306-91F7-77D5B2BB3B1A}.Debug|Any CPU.ActiveCfg = Debug|Any CPU
		{2831E67E-20AD-4306-91F7-77D5B2BB3B1A}.Debug|Any CPU.Build.0 = Debug|Any CPU
		{2831E67E-20AD-4306-91F7-77D5B2BB3B1A}.Release|Any CPU.ActiveCfg = Release|Any CPU
		{2831E67E-20AD-4306-91F7-77D5B2BB3B1A}.Release|Any CPU.Build.0 = Release|Any CPU
		{6AF3E5E1-D7F0-47ED-B566-6C1C863EE16C}.Debug|Any CPU.ActiveCfg = Debug|Any CPU
		{6AF3E5E1-D7F0-47ED-B566-6C1C863EE16C}.Debug|Any CPU.Build.0 = Debug|Any CPU
		{6AF3E5E1-D7F0-47ED-B566-6C1C863EE16C}.Release|Any CPU.ActiveCfg = Release|Any CPU
		{6AF3E5E1-D7F0-47ED-B566-6C1C863EE16C}.Release|Any CPU.Build.0 = Release|Any CPU
		{968127F0-2932-4ADE-AC81-2EC9AFC6799F}.Debug|Any CPU.ActiveCfg = Debug|Any CPU
		{968127F0-2932-4ADE-AC81-2EC9AFC6799F}.Debug|Any CPU.Build.0 = Debug|Any CPU
		{968127F0-2932-4ADE-AC81-2EC9AFC6799F}.Release|Any CPU.ActiveCfg = Release|Any CPU
		{968127F0-2932-4ADE-AC81-2EC9AFC6799F}.Release|Any CPU.Build.0 = Release|Any CPU
		{EF0E269C-1A0F-4CB6-A4E8-C91FB83924D6}.Debug|Any CPU.ActiveCfg = Debug|Any CPU
		{EF0E269C-1A0F-4CB6-A4E8-C91FB83924D6}.Debug|Any CPU.Build.0 = Debug|Any CPU
		{EF0E269C-1A0F-4CB6-A4E8-C91FB83924D6}.Release|Any CPU.ActiveCfg = Release|Any CPU
		{EF0E269C-1A0F-4CB6-A4E8-C91FB83924D6}.Release|Any CPU.Build.0 = Release|Any CPU
		{2B3B30E5-AE68-43E6-BE33-6C745D95F09B}.Debug|Any CPU.ActiveCfg = Debug|Any CPU
		{2B3B30E5-AE68-43E6-BE33-6C745D95F09B}.Debug|Any CPU.Build.0 = Debug|Any CPU
		{2B3B30E5-AE68-43E6-BE33-6C745D95F09B}.Release|Any CPU.ActiveCfg = Release|Any CPU
		{2B3B30E5-AE68-43E6-BE33-6C745D95F09B}.Release|Any CPU.Build.0 = Release|Any CPU
		{1BAAF08E-AA65-4201-8FBD-2D5DA3A09F91}.Debug|Any CPU.ActiveCfg = Debug|Any CPU
		{1BAAF08E-AA65-4201-8FBD-2D5DA3A09F91}.Debug|Any CPU.Build.0 = Debug|Any CPU
		{1BAAF08E-AA65-4201-8FBD-2D5DA3A09F91}.Release|Any CPU.ActiveCfg = Release|Any CPU
		{1BAAF08E-AA65-4201-8FBD-2D5DA3A09F91}.Release|Any CPU.Build.0 = Release|Any CPU
		{DBA29C1E-E765-47D1-BB84-699CDD428ABD}.Debug|Any CPU.ActiveCfg = Debug|Any CPU
		{DBA29C1E-E765-47D1-BB84-699CDD428ABD}.Debug|Any CPU.Build.0 = Debug|Any CPU
		{DBA29C1E-E765-47D1-BB84-699CDD428ABD}.Release|Any CPU.ActiveCfg = Release|Any CPU
		{DBA29C1E-E765-47D1-BB84-699CDD428ABD}.Release|Any CPU.Build.0 = Release|Any CPU
		{ABCDA65F-F34C-414B-BFEA-944F40691C4F}.Debug|Any CPU.ActiveCfg = Debug|Any CPU
		{ABCDA65F-F34C-414B-BFEA-944F40691C4F}.Debug|Any CPU.Build.0 = Debug|Any CPU
		{ABCDA65F-F34C-414B-BFEA-944F40691C4F}.Release|Any CPU.ActiveCfg = Release|Any CPU
		{ABCDA65F-F34C-414B-BFEA-944F40691C4F}.Release|Any CPU.Build.0 = Release|Any CPU
	EndGlobalSection
	GlobalSection(SolutionProperties) = preSolution
		HideSolutionNode = FALSE
	EndGlobalSection
	GlobalSection(NestedProjects) = preSolution
		{2A16CAAC-01CA-4008-8DF7-0CC797955FAC} = {696720E9-A98B-4720-B26E-1E151F9BA23D}
		{D4A62F51-5D56-4E7F-B177-985A41C6C840} = {696720E9-A98B-4720-B26E-1E151F9BA23D}
		{31B462BD-279B-40AA-9C23-905E4DD49E54} = {F6DDDE29-4400-4E1D-BFDB-C9CC7DC38A07}
		{EF4A39D5-8493-40CF-ACA1-5BEE949D2158} = {F6DDDE29-4400-4E1D-BFDB-C9CC7DC38A07}
		{663060FE-5552-4429-8252-3FF0081801AB} = {F6DDDE29-4400-4E1D-BFDB-C9CC7DC38A07}
		{0C425AB2-C171-438D-AC83-3AD11FAC9183} = {F6DDDE29-4400-4E1D-BFDB-C9CC7DC38A07}
		{A5B19DAA-7E82-4699-9301-969DE59E6BA7} = {0D35A1D5-4612-418E-A85B-C74BE469A924}
		{3CF49C9F-EB4F-4880-A680-02B64BAA8EB9} = {A7BA61CF-D2FE-424B-AE25-CCE2E8811281}
		{BE04C2B4-14CE-4760-8266-2FA780DD3E53} = {A7BA61CF-D2FE-424B-AE25-CCE2E8811281}
		{4BB07138-4344-473C-A249-B1AD48235819} = {0D35A1D5-4612-418E-A85B-C74BE469A924}
		{696720E9-A98B-4720-B26E-1E151F9BA23D} = {AA09DE0F-7CE8-46FF-9264-B653DB3E7A8D}
		{F6DDDE29-4400-4E1D-BFDB-C9CC7DC38A07} = {AA09DE0F-7CE8-46FF-9264-B653DB3E7A8D}
		{0D35A1D5-4612-418E-A85B-C74BE469A924} = {95282898-1B22-430E-9A3C-B1260DF4A618}
		{A7BA61CF-D2FE-424B-AE25-CCE2E8811281} = {95282898-1B22-430E-9A3C-B1260DF4A618}
		{29724B77-546B-425C-8B8D-DE37A2CD846E} = {95282898-1B22-430E-9A3C-B1260DF4A618}
		{B581A6EC-4ADD-4902-ADC3-ACA5D7387C02} = {29724B77-546B-425C-8B8D-DE37A2CD846E}
		{2831E67E-20AD-4306-91F7-77D5B2BB3B1A} = {29724B77-546B-425C-8B8D-DE37A2CD846E}
		{F068E364-B879-48DA-B151-919388F1AE71} = {AA09DE0F-7CE8-46FF-9264-B653DB3E7A8D}
		{6AF3E5E1-D7F0-47ED-B566-6C1C863EE16C} = {E6E2544F-7E5C-4207-B838-7A121E646D11}
		{E6E2544F-7E5C-4207-B838-7A121E646D11} = {AA09DE0F-7CE8-46FF-9264-B653DB3E7A8D}
		{968127F0-2932-4ADE-AC81-2EC9AFC6799F} = {E6E2544F-7E5C-4207-B838-7A121E646D11}
		{EF0E269C-1A0F-4CB6-A4E8-C91FB83924D6} = {E6E2544F-7E5C-4207-B838-7A121E646D11}
		{4E609093-6804-42AF-AB20-286741583157} = {AA09DE0F-7CE8-46FF-9264-B653DB3E7A8D}
		{2B3B30E5-AE68-43E6-BE33-6C745D95F09B} = {4E609093-6804-42AF-AB20-286741583157}
		{1BAAF08E-AA65-4201-8FBD-2D5DA3A09F91} = {29724B77-546B-425C-8B8D-DE37A2CD846E}
		{DBA29C1E-E765-47D1-BB84-699CDD428ABD} = {0D35A1D5-4612-418E-A85B-C74BE469A924}
		{ABCDA65F-F34C-414B-BFEA-944F40691C4F} = {CFE2084C-62D9-456C-93CE-731069AFAF0F}
	EndGlobalSection
	GlobalSection(ExtensibilityGlobals) = postSolution
		SolutionGuid = {6A413711-7E8E-49BC-B65F-9E5BA5CF5689}
	EndGlobalSection
EndGlobal
